
Microsoft Visual Studio Solution File, Format Version 12.00
# Visual Studio Version 17
VisualStudioVersion = 17.8.34322.80
MinimumVisualStudioVersion = 10.0.40219.1
Project("{2150E333-8FDC-42A3-9474-1A3956D46DE8}") = "Services", "Services", "{E8573F51-1D5B-4451-AA29-B1A6B50861C8}"
EndProject
Project("{2150E333-8FDC-42A3-9474-1A3956D46DE8}") = "Catalog", "Catalog", "{CD7F41A0-3F61-40CC-A1E8-F04E8307D779}"
EndProject
Project("{9A19103F-16F7-4668-BE54-9A1E7A4F7556}") = "Catalog.Api", "Services\Catalog\Catalog.Api\Catalog.Api.csproj", "{AAE21293-363C-419E-BBFD-D75CB58DF6FE}"
EndProject
Project("{2150E333-8FDC-42A3-9474-1A3956D46DE8}") = "BuildingBlocks", "BuildingBlocks", "{3C698A4E-1E69-4217-99E8-90DDEFE68B20}"
EndProject
Project("{9A19103F-16F7-4668-BE54-9A1E7A4F7556}") = "BuildingBlocks", "BuildingBlocks\BuildingBlocks\BuildingBlocks.csproj", "{E5A08092-5DD9-4B49-B87C-21DDC0249189}"
EndProject
Project("{E53339B2-1760-4266-BCC7-CA923CBCF16C}") = "docker-compose", "docker-compose.dcproj", "{8D32549A-3470-4B6B-9137-860518C003EF}"
EndProject
Project("{2150E333-8FDC-42A3-9474-1A3956D46DE8}") = "Basket", "Basket", "{DB0B3D83-80AF-4401-8990-344D85F84436}"
EndProject
Project("{FAE04EC0-301F-11D3-BF4B-00C04F79EFBC}") = "Basket.API", "Services\Basket\Basket.API\Basket.API.csproj", "{E8ECD83A-5932-4CCC-9C6C-D6BD0A0A533A}"
EndProject
Project("{2150E333-8FDC-42A3-9474-1A3956D46DE8}") = "Discount", "Discount", "{BDF274EE-4BA0-4ACE-8068-AF882CC2BD89}"
EndProject
Project("{FAE04EC0-301F-11D3-BF4B-00C04F79EFBC}") = "Discount.Grpc", "Services\Discount\Discount.Grpc\Discount.Grpc.csproj", "{601F7DEF-B292-4148-9168-CFE887671F66}"
EndProject
Global
	GlobalSection(SolutionConfigurationPlatforms) = preSolution
		Debug|Any CPU = Debug|Any CPU
		Release|Any CPU = Release|Any CPU
	EndGlobalSection
	GlobalSection(ProjectConfigurationPlatforms) = postSolution
		{AAE21293-363C-419E-BBFD-D75CB58DF6FE}.Debug|Any CPU.ActiveCfg = Debug|Any CPU
		{AAE21293-363C-419E-BBFD-D75CB58DF6FE}.Debug|Any CPU.Build.0 = Debug|Any CPU
		{AAE21293-363C-419E-BBFD-D75CB58DF6FE}.Release|Any CPU.ActiveCfg = Release|Any CPU
		{AAE21293-363C-419E-BBFD-D75CB58DF6FE}.Release|Any CPU.Build.0 = Release|Any CPU
		{E5A08092-5DD9-4B49-B87C-21DDC0249189}.Debug|Any CPU.ActiveCfg = Debug|Any CPU
		{E5A08092-5DD9-4B49-B87C-21DDC0249189}.Debug|Any CPU.Build.0 = Debug|Any CPU
		{E5A08092-5DD9-4B49-B87C-21DDC0249189}.Release|Any CPU.ActiveCfg = Release|Any CPU
		{E5A08092-5DD9-4B49-B87C-21DDC0249189}.Release|Any CPU.Build.0 = Release|Any CPU
		{8D32549A-3470-4B6B-9137-860518C003EF}.Debug|Any CPU.ActiveCfg = Debug|Any CPU
		{8D32549A-3470-4B6B-9137-860518C003EF}.Debug|Any CPU.Build.0 = Debug|Any CPU
		{8D32549A-3470-4B6B-9137-860518C003EF}.Release|Any CPU.ActiveCfg = Release|Any CPU
		{8D32549A-3470-4B6B-9137-860518C003EF}.Release|Any CPU.Build.0 = Release|Any CPU
		{E8ECD83A-5932-4CCC-9C6C-D6BD0A0A533A}.Debug|Any CPU.ActiveCfg = Debug|Any CPU
		{E8ECD83A-5932-4CCC-9C6C-D6BD0A0A533A}.Debug|Any CPU.Build.0 = Debug|Any CPU
		{E8ECD83A-5932-4CCC-9C6C-D6BD0A0A533A}.Release|Any CPU.ActiveCfg = Release|Any CPU
		{E8ECD83A-5932-4CCC-9C6C-D6BD0A0A533A}.Release|Any CPU.Build.0 = Release|Any CPU
		{601F7DEF-B292-4148-9168-CFE887671F66}.Debug|Any CPU.ActiveCfg = Debug|Any CPU
		{601F7DEF-B292-4148-9168-CFE887671F66}.Debug|Any CPU.Build.0 = Debug|Any CPU
		{601F7DEF-B292-4148-9168-CFE887671F66}.Release|Any CPU.ActiveCfg = Release|Any CPU
		{601F7DEF-B292-4148-9168-CFE887671F66}.Release|Any CPU.Build.0 = Release|Any CPU
	EndGlobalSection
	GlobalSection(SolutionProperties) = preSolution
		HideSolutionNode = FALSE
	EndGlobalSection
	GlobalSection(NestedProjects) = preSolution
		{CD7F41A0-3F61-40CC-A1E8-F04E8307D779} = {E8573F51-1D5B-4451-AA29-B1A6B50861C8}
		{AAE21293-363C-419E-BBFD-D75CB58DF6FE} = {CD7F41A0-3F61-40CC-A1E8-F04E8307D779}
		{E5A08092-5DD9-4B49-B87C-21DDC0249189} = {3C698A4E-1E69-4217-99E8-90DDEFE68B20}
		{DB0B3D83-80AF-4401-8990-344D85F84436} = {E8573F51-1D5B-4451-AA29-B1A6B50861C8}
		{E8ECD83A-5932-4CCC-9C6C-D6BD0A0A533A} = {DB0B3D83-80AF-4401-8990-344D85F84436}
		{BDF274EE-4BA0-4ACE-8068-AF882CC2BD89} = {E8573F51-1D5B-4451-AA29-B1A6B50861C8}
		{601F7DEF-B292-4148-9168-CFE887671F66} = {BDF274EE-4BA0-4ACE-8068-AF882CC2BD89}
	EndGlobalSection
	GlobalSection(ExtensibilityGlobals) = postSolution
		SolutionGuid = {05E70478-22E0-4180-99F5-C0AD550F1CEB}
	EndGlobalSection
EndGlobal
